
Microsoft Visual Studio Solution File, Format Version 12.00
# Visual Studio Version 16
VisualStudioVersion = 16.0.30804.86
MinimumVisualStudioVersion = 10.0.40219.1
Project("{8BC9CEB8-8B4A-11D0-8D11-00A0C91BC942}") = "week4p2", "week4p2.vcxproj", "{A71AB2C1-2AEB-40DF-8867-01DE396FF42A}"
EndProject
Global
	GlobalSection(SolutionConfigurationPlatforms) = preSolution
		Debug|x64 = Debug|x64
		Debug|x86 = Debug|x86
		Release|x64 = Release|x64
		Release|x86 = Release|x86
	EndGlobalSection
	GlobalSection(ProjectConfigurationPlatforms) = postSolution
		{A71AB2C1-2AEB-40DF-8867-01DE396FF42A}.Debug|x64.ActiveCfg = Debug|x64
		{A71AB2C1-2AEB-40DF-8867-01DE396FF42A}.Debug|x64.Build.0 = Debug|x64
		{A71AB2C1-2AEB-40DF-8867-01DE396FF42A}.Debug|x86.ActiveCfg = Debug|Win32
		{A71AB2C1-2AEB-40DF-8867-01DE396FF42A}.Debug|x86.Build.0 = Debug|Win32
		{A71AB2C1-2AEB-40DF-8867-01DE396FF42A}.Release|x64.ActiveCfg = Release|x64
		{A71AB2C1-2AEB-40DF-8867-01DE396FF42A}.Release|x64.Build.0 = Release|x64
		{A71AB2C1-2AEB-40DF-8867-01DE396FF42A}.Release|x86.ActiveCfg = Release|Win32
		{A71AB2C1-2AEB-40DF-8867-01DE396FF42A}.Release|x86.Build.0 = Release|Win32
	EndGlobalSection
	GlobalSection(SolutionProperties) = preSolution
		HideSolutionNode = FALSE
	EndGlobalSection
	GlobalSection(ExtensibilityGlobals) = postSolution
		SolutionGuid = {92CF9085-BC9E-4E0C-A75F-30054162AC47}
	EndGlobalSection
EndGlobal
